
Microsoft Visual Studio Solution File, Format Version 12.00
# Visual Studio 15
Project("{FAE04EC0-301F-11D3-BF4B-00C04F79EFBC}") = "Assembly-CSharp", "Assembly-CSharp.csproj", "{1221EE0E-1128-BEE1-7311-7CE9CECD5263}"
EndProject
Project("{FAE04EC0-301F-11D3-BF4B-00C04F79EFBC}") = "Assembly-CSharp-Editor", "Assembly-CSharp-Editor.csproj", "{3E5B5D76-6504-992C-2F84-EC0BE036FA54}"
EndProject
Global
	GlobalSection(SolutionConfigurationPlatforms) = preSolution
		Debug|Any CPU = Debug|Any CPU
		Release|Any CPU = Release|Any CPU
	EndGlobalSection
	GlobalSection(ProjectConfigurationPlatforms) = postSolution
		{1221EE0E-1128-BEE1-7311-7CE9CECD5263}.Debug|Any CPU.ActiveCfg = Debug|Any CPU
		{1221EE0E-1128-BEE1-7311-7CE9CECD5263}.Debug|Any CPU.Build.0 = Debug|Any CPU
		{1221EE0E-1128-BEE1-7311-7CE9CECD5263}.Release|Any CPU.ActiveCfg = Release|Any CPU
		{1221EE0E-1128-BEE1-7311-7CE9CECD5263}.Release|Any CPU.Build.0 = Release|Any CPU
		{3E5B5D76-6504-992C-2F84-EC0BE036FA54}.Debug|Any CPU.ActiveCfg = Debug|Any CPU
		{3E5B5D76-6504-992C-2F84-EC0BE036FA54}.Debug|Any CPU.Build.0 = Debug|Any CPU
		{3E5B5D76-6504-992C-2F84-EC0BE036FA54}.Release|Any CPU.ActiveCfg = Release|Any CPU
		{3E5B5D76-6504-992C-2F84-EC0BE036FA54}.Release|Any CPU.Build.0 = Release|Any CPU
	EndGlobalSection
	GlobalSection(SolutionProperties) = preSolution
		HideSolutionNode = FALSE
	EndGlobalSection
EndGlobal
